
Microsoft Visual Studio Solution File, Format Version 12.00
# Visual Studio Version 16
VisualStudioVersion = 16.0.31515.178
MinimumVisualStudioVersion = 10.0.40219.1
Project("{9A19103F-16F7-4668-BE54-9A1E7A4F7556}") = "Host", "TestApp\Host.csproj", "{2A0B27A9-68AD-411E-80A0-D943290742AE}"
EndProject
Global
	GlobalSection(SolutionConfigurationPlatforms) = preSolution
		Debug|Any CPU = Debug|Any CPU
		Release|Any CPU = Release|Any CPU
	EndGlobalSection
	GlobalSection(ProjectConfigurationPlatforms) = postSolution
		{2A0B27A9-68AD-411E-80A0-D943290742AE}.Debug|Any CPU.ActiveCfg = Debug|Any CPU
		{2A0B27A9-68AD-411E-80A0-D943290742AE}.Debug|Any CPU.Build.0 = Debug|Any CPU
		{2A0B27A9-68AD-411E-80A0-D943290742AE}.Release|Any CPU.ActiveCfg = Release|Any CPU
		{2A0B27A9-68AD-411E-80A0-D943290742AE}.Release|Any CPU.Build.0 = Release|Any CPU
	EndGlobalSection
	GlobalSection(SolutionProperties) = preSolution
		HideSolutionNode = FALSE
	EndGlobalSection
	GlobalSection(ExtensibilityGlobals) = postSolution
		SolutionGuid = {1AD9A0E1-B107-4FE2-8A2B-FA3856540859}
	EndGlobalSection
EndGlobal
